<?xml version="1.0" encoding="utf-8"?>
<Project ToolsVersion="4.0" xmlns="http://schemas.microsoft.com/developer/msbuild/2003">
  <ItemGroup>
    <Filter Include="Scenes">
      <UniqueIdentifier>{0fc9f6a5-b10d-49e6-9b76-b5a5ed2c115f}</UniqueIdentifier>
    </Filter>
    <Filter Include="Behaviours">
      <UniqueIdentifier>{d1d0666c-5246-4ecc-be8c-f7f877f7da87}</UniqueIdentifier>
    </Filter>
    <Filter Include="Scripts">
      <UniqueIdentifier>{2c682c19-2ad8-459f-bbd2-1d65cd6bcadf}</UniqueIdentifier>
    </Filter>
    <Filter Include="Prefabs">
      <UniqueIdentifier>{97f730ef-7ac2-49d1-8f92-0f2da2259a56}</UniqueIdentifier>
    </Filter>
    <Filter Include="__Potato Engine">
      <UniqueIdentifier>{c9d53d50-fd93-40b5-963f-3044418129fb}</UniqueIdentifier>
    </Filter>
    <Filter Include="_EngineExt">
      <UniqueIdentifier>{3fedbb46-ca8c-4b0b-919b-70e8c84d84cf}</UniqueIdentifier>
    </Filter>
    <Filter Include="Behaviours\Player">
      <UniqueIdentifier>{5589c8e6-e9fb-427c-a785-76a94784ddf0}</UniqueIdentifier>
    </Filter>
    <Filter Include="Behaviours\Scenario">
      <UniqueIdentifier>{06bf0433-1994-4f91-a2ed-192ec0b5faf7}</UniqueIdentifier>
    </Filter>
    <Filter Include="Scripts\GameObjectPooling">
      <UniqueIdentifier>{f55016ec-4249-470c-a86e-ac1eb9cc6fb6}</UniqueIdentifier>
    </Filter>
    <Filter Include="Scripts\Scenario">
      <UniqueIdentifier>{dee91ba8-d15a-4dc4-b36c-b4d2cab37160}</UniqueIdentifier>
    </Filter>
    <Filter Include="Scripts\Animations">
      <UniqueIdentifier>{e6e815c8-945f-48a3-9b1c-6f704943b1ea}</UniqueIdentifier>
    </Filter>
    <Filter Include="Behaviours\Enemies">
      <UniqueIdentifier>{655fb14d-ca9f-49f9-88f7-0e1c1fa371e4}</UniqueIdentifier>
    </Filter>
    <Filter Include="Scripts\MotionPatterns">
      <UniqueIdentifier>{701a9fa3-e3ad-4da7-a83b-a8a013303d78}</UniqueIdentifier>
    </Filter>
    <Filter Include="Prefabs\Scenario">
      <UniqueIdentifier>{34248832-c96b-48ed-b39e-da3bc3f264c4}</UniqueIdentifier>
    </Filter>
    <Filter Include="Prefabs\Enemies">
      <UniqueIdentifier>{98ad725c-b828-4cc1-882c-8f55c724db66}</UniqueIdentifier>
    </Filter>
    <Filter Include="Prefabs\Player">
      <UniqueIdentifier>{8ac458c9-376a-45cf-b3af-0aaff1db798a}</UniqueIdentifier>
    </Filter>
    <Filter Include="Behaviours\General">
      <UniqueIdentifier>{b0891a7e-02a3-48f9-9e4f-5fa4bfdf2ded}</UniqueIdentifier>
    </Filter>
    <Filter Include="Behaviours\UI">
      <UniqueIdentifier>{3cee5158-9b81-4ea1-b673-8492f59177d8}</UniqueIdentifier>
    </Filter>
  </ItemGroup>
  <ItemGroup>
    <ClCompile Include="Engine\API.cpp">
      <Filter>__Potato Engine</Filter>
    </ClCompile>
    <ClCompile Include="Engine\Behaviour.cpp">
      <Filter>__Potato Engine</Filter>
    </ClCompile>
    <ClCompile Include="Engine\BehavioursManager.cpp">
      <Filter>__Potato Engine</Filter>
    </ClCompile>
    <ClCompile Include="Engine\CircleCollider.cpp">
      <Filter>__Potato Engine</Filter>
    </ClCompile>
    <ClCompile Include="Engine\Collider.cpp">
      <Filter>__Potato Engine</Filter>
    </ClCompile>
    <ClCompile Include="Engine\CollidersManager.cpp">
      <Filter>__Potato Engine</Filter>
    </ClCompile>
    <ClCompile Include="Engine\Component.cpp">
      <Filter>__Potato Engine</Filter>
    </ClCompile>
    <ClCompile Include="Engine\ComponentManager.cpp">
      <Filter>__Potato Engine</Filter>
    </ClCompile>
    <ClCompile Include="Engine\ComponentsManager.cpp">
      <Filter>__Potato Engine</Filter>
    </ClCompile>
    <ClCompile Include="Engine\Engine.cpp">
      <Filter>__Potato Engine</Filter>
    </ClCompile>
    <ClCompile Include="Engine\engineUtils.cpp">
      <Filter>__Potato Engine</Filter>
    </ClCompile>
    <ClCompile Include="Engine\GameObject.cpp">
      <Filter>__Potato Engine</Filter>
    </ClCompile>
    <ClCompile Include="Engine\GameObjectsManager.cpp">
      <Filter>__Potato Engine</Filter>
    </ClCompile>
    <ClCompile Include="Engine\globals.cpp">
      <Filter>__Potato Engine</Filter>
    </ClCompile>
    <ClCompile Include="Engine\InputController.cpp">
      <Filter>__Potato Engine</Filter>
    </ClCompile>
    <ClCompile Include="Engine\main.cpp">
      <Filter>__Potato Engine</Filter>
    </ClCompile>
    <ClCompile Include="Engine\RectangleCollider.cpp">
      <Filter>__Potato Engine</Filter>
    </ClCompile>
    <ClCompile Include="Engine\ReferenceBase.cpp">
      <Filter>__Potato Engine</Filter>
    </ClCompile>
    <ClCompile Include="Engine\Renderer.cpp">
      <Filter>__Potato Engine</Filter>
    </ClCompile>
    <ClCompile Include="Engine\RenderersManager.cpp">
      <Filter>__Potato Engine</Filter>
    </ClCompile>
    <ClCompile Include="Engine\SceneManager.cpp">
      <Filter>__Potato Engine</Filter>
    </ClCompile>
    <ClCompile Include="Engine\Sprite.cpp">
      <Filter>__Potato Engine</Filter>
    </ClCompile>
    <ClCompile Include="Engine\SpriteRenderer.cpp">
      <Filter>__Potato Engine</Filter>
    </ClCompile>
    <ClCompile Include="Engine\SpriteSheet.cpp">
      <Filter>__Potato Engine</Filter>
    </ClCompile>
    <ClCompile Include="Engine\TimeController.cpp">
      <Filter>__Potato Engine</Filter>
    </ClCompile>
    <ClCompile Include="Engine\Transform.cpp">
      <Filter>__Potato Engine</Filter>
    </ClCompile>
    <ClCompile Include="Engine\TriggerCollisionCache.cpp">
      <Filter>__Potato Engine</Filter>
    </ClCompile>
    <ClCompile Include="Engine\Vector2.cpp">
      <Filter>__Potato Engine</Filter>
    </ClCompile>
    <ClCompile Include="Engine\gameConfig.cpp" />
    <ClCompile Include="GameScene.cpp">
      <Filter>Scenes</Filter>
    </ClCompile>
    <ClCompile Include="TimeLogger.cpp">
      <Filter>Behaviours</Filter>
    </ClCompile>
    <ClCompile Include="EngineExt\RectangleRenderer.cpp">
      <Filter>_EngineExt</Filter>
    </ClCompile>
    <ClCompile Include="FloorManager.cpp">
      <Filter>Behaviours\Scenario</Filter>
    </ClCompile>
    <ClCompile Include="FloorObjectMover.cpp">
      <Filter>Behaviours\Scenario</Filter>
    </ClCompile>
    <ClCompile Include="FloorObjectsFactory.cpp">
      <Filter>Behaviours\Scenario</Filter>
    </ClCompile>
    <ClCompile Include="Player.cpp">
      <Filter>Behaviours\Player</Filter>
    </ClCompile>
    <ClCompile Include="Utils.cpp">
      <Filter>Scripts</Filter>
    </ClCompile>
    <ClCompile Include="BackgroundScroller.cpp">
      <Filter>Behaviours\Scenario</Filter>
    </ClCompile>
    <ClCompile Include="Engine\AudioController.cpp">
      <Filter>__Potato Engine</Filter>
    </ClCompile>
    <ClCompile Include="Engine\PrefabsFactory.cpp">
      <Filter>__Potato Engine</Filter>
    </ClCompile>
    <ClCompile Include="GameObjectPool.cpp">
      <Filter>Scripts\GameObjectPooling</Filter>
    </ClCompile>
    <ClCompile Include="DarkLinesController.cpp">
      <Filter>Scripts\Scenario</Filter>
    </ClCompile>
    <ClCompile Include="FloorWarpController.cpp">
      <Filter>Scripts\Scenario</Filter>
    </ClCompile>
    <ClCompile Include="TimedAnimation.cpp">
      <Filter>Scripts\Animations</Filter>
    </ClCompile>
    <ClCompile Include="PlayerShot.cpp">
      <Filter>Behaviours\Player</Filter>
    </ClCompile>
    <ClCompile Include="ExplosionPrefab.cpp">
      <Filter>Prefabs</Filter>
    </ClCompile>
    <ClCompile Include="MotionPattern.cpp">
      <Filter>Scripts\MotionPatterns</Filter>
    </ClCompile>
    <ClCompile Include="Enemy.cpp">
      <Filter>Behaviours\Enemies</Filter>
    </ClCompile>
    <ClCompile Include="MotionPatternPoint.cpp">
      <Filter>Scripts\MotionPatterns</Filter>
    </ClCompile>
    <ClCompile Include="EnemiesFactory.cpp">
      <Filter>Behaviours\Enemies</Filter>
    </ClCompile>
    <ClCompile Include="EnemyShot.cpp">
      <Filter>Behaviours\Enemies</Filter>
    </ClCompile>
    <ClCompile Include="RockPrefab.cpp">
      <Filter>Prefabs\Scenario</Filter>
    </ClCompile>
    <ClCompile Include="SmallBushPrefab.cpp">
      <Filter>Prefabs\Scenario</Filter>
    </ClCompile>
    <ClCompile Include="TreePrefab.cpp">
      <Filter>Prefabs\Scenario</Filter>
    </ClCompile>
    <ClCompile Include="BigBushPrefab.cpp">
      <Filter>Prefabs\Scenario</Filter>
    </ClCompile>
    <ClCompile Include="EnemyShipPrefab.cpp">
      <Filter>Prefabs\Enemies</Filter>
    </ClCompile>
    <ClCompile Include="EnemyShotPrefab.cpp">
      <Filter>Prefabs\Enemies</Filter>
    </ClCompile>
    <ClCompile Include="PlayerPrefab.cpp">
      <Filter>Prefabs\Player</Filter>
    </ClCompile>
    <ClCompile Include="PlayerShotPrefab.cpp">
      <Filter>Prefabs\Player</Filter>
    </ClCompile>
    <ClCompile Include="PooledGameObject.cpp">
      <Filter>Behaviours\General</Filter>
    </ClCompile>
    <ClCompile Include="CollisionCallbackForwarder.cpp">
      <Filter>Behaviours\General</Filter>
    </ClCompile>
    <ClCompile Include="Explosion.cpp">
      <Filter>Behaviours\General</Filter>
    </ClCompile>
    <ClCompile Include="ExplosiveObject.cpp">
      <Filter>Behaviours\General</Filter>
    </ClCompile>
    <ClCompile Include="EnemyBallPrefab.cpp">
      <Filter>Prefabs\Enemies</Filter>
    </ClCompile>
    <ClCompile Include="BallEnemy.cpp">
      <Filter>Behaviours\Enemies</Filter>
    </ClCompile>
    <ClCompile Include="BulletBouncer.cpp">
      <Filter>Behaviours\Enemies</Filter>
    </ClCompile>
    <ClCompile Include="Engine\TextRenderer.cpp">
      <Filter>__Potato Engine</Filter>
    </ClCompile>
    <ClCompile Include="UIManager.cpp">
      <Filter>Behaviours\UI</Filter>
    </ClCompile>
  </ItemGroup>
  <ItemGroup>
    <ClInclude Include="Engine\API.h">
      <Filter>__Potato Engine</Filter>
    </ClInclude>
    <ClInclude Include="Engine\Behaviour.h">
      <Filter>__Potato Engine</Filter>
    </ClInclude>
    <ClInclude Include="Engine\BehavioursManager.h">
      <Filter>__Potato Engine</Filter>
    </ClInclude>
    <ClInclude Include="Engine\CircleCollider.h">
      <Filter>__Potato Engine</Filter>
    </ClInclude>
    <ClInclude Include="Engine\Collider.h">
      <Filter>__Potato Engine</Filter>
    </ClInclude>
    <ClInclude Include="Engine\CollidersManager.h">
      <Filter>__Potato Engine</Filter>
    </ClInclude>
    <ClInclude Include="Engine\ColliderType.h">
      <Filter>__Potato Engine</Filter>
    </ClInclude>
    <ClInclude Include="Engine\CollisionInfo.h">
      <Filter>__Potato Engine</Filter>
    </ClInclude>
    <ClInclude Include="Engine\Component.h">
      <Filter>__Potato Engine</Filter>
    </ClInclude>
    <ClInclude Include="Engine\ComponentManager.h">
      <Filter>__Potato Engine</Filter>
    </ClInclude>
    <ClInclude Include="Engine\ComponentsManager.h">
      <Filter>__Potato Engine</Filter>
    </ClInclude>
    <ClInclude Include="Engine\ComponentType.h">
      <Filter>__Potato Engine</Filter>
    </ClInclude>
    <ClInclude Include="Engine\Engine.h">
      <Filter>__Potato Engine</Filter>
    </ClInclude>
    <ClInclude Include="Engine\engineUtils.h">
      <Filter>__Potato Engine</Filter>
    </ClInclude>
    <ClInclude Include="Engine\gameConfig.h">
      <Filter>__Potato Engine</Filter>
    </ClInclude>
    <ClInclude Include="Engine\GameObject.h">
      <Filter>__Potato Engine</Filter>
    </ClInclude>
    <ClInclude Include="Engine\GameObjectsManager.h">
      <Filter>__Potato Engine</Filter>
    </ClInclude>
    <ClInclude Include="Engine\globals.h">
      <Filter>__Potato Engine</Filter>
    </ClInclude>
    <ClInclude Include="Engine\InputController.h">
      <Filter>__Potato Engine</Filter>
    </ClInclude>
    <ClInclude Include="Engine\Prefab.h">
      <Filter>__Potato Engine</Filter>
    </ClInclude>
    <ClInclude Include="Engine\PrefabsFactory.h">
      <Filter>__Potato Engine</Filter>
    </ClInclude>
    <ClInclude Include="Engine\RectangleCollider.h">
      <Filter>__Potato Engine</Filter>
    </ClInclude>
    <ClInclude Include="Engine\Reference.h">
      <Filter>__Potato Engine</Filter>
    </ClInclude>
    <ClInclude Include="Engine\ReferenceBase.h">
      <Filter>__Potato Engine</Filter>
    </ClInclude>
    <ClInclude Include="Engine\ReferenceOwner.h">
      <Filter>__Potato Engine</Filter>
    </ClInclude>
    <ClInclude Include="Engine\Renderer.h">
      <Filter>__Potato Engine</Filter>
    </ClInclude>
    <ClInclude Include="Engine\RenderersManager.h">
      <Filter>__Potato Engine</Filter>
    </ClInclude>
    <ClInclude Include="Engine\Scene.h">
      <Filter>__Potato Engine</Filter>
    </ClInclude>
    <ClInclude Include="Engine\SceneManager.h">
      <Filter>__Potato Engine</Filter>
    </ClInclude>
    <ClInclude Include="Engine\Sprite.h">
      <Filter>__Potato Engine</Filter>
    </ClInclude>
    <ClInclude Include="Engine\SpriteRenderer.h">
      <Filter>__Potato Engine</Filter>
    </ClInclude>
    <ClInclude Include="Engine\SpriteSheet.h">
      <Filter>__Potato Engine</Filter>
    </ClInclude>
    <ClInclude Include="Engine\TimeController.h">
      <Filter>__Potato Engine</Filter>
    </ClInclude>
    <ClInclude Include="Engine\Transform.h">
      <Filter>__Potato Engine</Filter>
    </ClInclude>
    <ClInclude Include="Engine\TriggerCollisionCache.h">
      <Filter>__Potato Engine</Filter>
    </ClInclude>
    <ClInclude Include="Engine\Vector2.h">
      <Filter>__Potato Engine</Filter>
    </ClInclude>
    <ClInclude Include="GameScene.h">
      <Filter>Scenes</Filter>
    </ClInclude>
    <ClInclude Include="TimeLogger.h">
      <Filter>Behaviours</Filter>
    </ClInclude>
    <ClInclude Include="EngineExt\RectangleRenderer.h">
      <Filter>_EngineExt</Filter>
    </ClInclude>
    <ClInclude Include="FloorObjectsFactory.h">
      <Filter>Behaviours\Scenario</Filter>
    </ClInclude>
    <ClInclude Include="FloorManager.h">
      <Filter>Behaviours\Scenario</Filter>
    </ClInclude>
    <ClInclude Include="Player.h">
      <Filter>Behaviours\Player</Filter>
    </ClInclude>
    <ClInclude Include="Utils.h">
      <Filter>Scripts</Filter>
    </ClInclude>
    <ClInclude Include="BackgroundScroller.h">
      <Filter>Behaviours\Scenario</Filter>
    </ClInclude>
    <ClInclude Include="Engine\SFX.h">
      <Filter>__Potato Engine</Filter>
    </ClInclude>
    <ClInclude Include="Engine\Music.h">
      <Filter>__Potato Engine</Filter>
    </ClInclude>
    <ClInclude Include="Engine\AudioController.h">
      <Filter>__Potato Engine</Filter>
    </ClInclude>
    <ClInclude Include="GameObjectPool.h">
      <Filter>Scripts\GameObjectPooling</Filter>
    </ClInclude>
    <ClInclude Include="FloorWarpController.h">
      <Filter>Scripts\Scenario</Filter>
    </ClInclude>
    <ClInclude Include="DarkLineInfo.h">
      <Filter>Scripts\Scenario</Filter>
    </ClInclude>
    <ClInclude Include="DarkLinesController.h">
      <Filter>Scripts\Scenario</Filter>
    </ClInclude>
    <ClInclude Include="AnimationSection.h">
      <Filter>Scripts\Animations</Filter>
    </ClInclude>
    <ClInclude Include="TimedAnimation.h">
      <Filter>Scripts\Animations</Filter>
    </ClInclude>
    <ClInclude Include="FloorObjectMover.h">
      <Filter>Behaviours\Scenario</Filter>
    </ClInclude>
    <ClInclude Include="PlayerShot.h">
      <Filter>Behaviours\Player</Filter>
    </ClInclude>
    <ClInclude Include="ExplosionPrefab.h">
      <Filter>Prefabs</Filter>
    </ClInclude>
    <ClInclude Include="MotionPatternPoint.h">
      <Filter>Scripts\MotionPatterns</Filter>
    </ClInclude>
    <ClInclude Include="MotionPattern.h">
      <Filter>Scripts\MotionPatterns</Filter>
    </ClInclude>
    <ClInclude Include="Enemy.h">
      <Filter>Behaviours\Enemies</Filter>
    </ClInclude>
    <ClInclude Include="EnemySpawnInfo.h">
      <Filter>Scripts\MotionPatterns</Filter>
    </ClInclude>
    <ClInclude Include="EnemiesFactory.h">
      <Filter>Behaviours\Enemies</Filter>
    </ClInclude>
    <ClInclude Include="ObjectEffectType.h">
      <Filter>Scripts</Filter>
    </ClInclude>
    <ClInclude Include="EnemyShot.h">
      <Filter>Behaviours\Enemies</Filter>
    </ClInclude>
    <ClInclude Include="TreePrefab.h">
      <Filter>Prefabs\Scenario</Filter>
    </ClInclude>
    <ClInclude Include="RockPrefab.h">
      <Filter>Prefabs\Scenario</Filter>
    </ClInclude>
    <ClInclude Include="SmallBushPrefab.h">
      <Filter>Prefabs\Scenario</Filter>
    </ClInclude>
    <ClInclude Include="BigBushPrefab.h">
      <Filter>Prefabs\Scenario</Filter>
    </ClInclude>
    <ClInclude Include="EnemyShipPrefab.h">
      <Filter>Prefabs\Enemies</Filter>
    </ClInclude>
    <ClInclude Include="EnemyShotPrefab.h">
      <Filter>Prefabs\Enemies</Filter>
    </ClInclude>
    <ClInclude Include="PlayerShotPrefab.h">
      <Filter>Prefabs\Player</Filter>
    </ClInclude>
    <ClInclude Include="PlayerPrefab.h">
      <Filter>Prefabs\Player</Filter>
    </ClInclude>
    <ClInclude Include="CollisionCallbackForwarder.h">
      <Filter>Behaviours\General</Filter>
    </ClInclude>
    <ClInclude Include="Explosion.h">
      <Filter>Behaviours\General</Filter>
    </ClInclude>
    <ClInclude Include="ExplosiveObject.h">
      <Filter>Behaviours\General</Filter>
    </ClInclude>
    <ClInclude Include="PooledGameObject.h">
      <Filter>Behaviours\General</Filter>
    </ClInclude>
    <ClInclude Include="ObstacleSpawnInfo.h">
      <Filter>Scripts\Scenario</Filter>
    </ClInclude>
    <ClInclude Include="EnemyBallPrefab.h">
      <Filter>Prefabs\Enemies</Filter>
    </ClInclude>
    <ClInclude Include="BulletBouncer.h">
      <Filter>Behaviours\Enemies</Filter>
    </ClInclude>
    <ClInclude Include="BallEnemy.h">
      <Filter>Behaviours\Enemies</Filter>
    </ClInclude>
    <ClInclude Include="Engine\TextRenderer.h">
      <Filter>__Potato Engine</Filter>
    </ClInclude>
    <ClInclude Include="Engine\Font.h">
      <Filter>__Potato Engine</Filter>
    </ClInclude>
    <ClInclude Include="Engine\CollisionSystemSetup.h">
      <Filter>__Potato Engine</Filter>
    </ClInclude>
    <ClInclude Include="UIManager.h">
      <Filter>Behaviours\UI</Filter>
    </ClInclude>
    <ClInclude Include="Engine\PixelPosition.h">
      <Filter>__Potato Engine</Filter>
    </ClInclude>
  </ItemGroup>
</Project>